
Microsoft Visual Studio Solution File, Format Version 12.00
# Visual Studio Version 17
VisualStudioVersion = 17.14.36408.4 d17.14
MinimumVisualStudioVersion = 10.0.40219.1
Project("{FAE04EC0-301F-11D3-BF4B-00C04F79EFBC}") = "Project2", "Project2.csproj", "{CAEE1F28-5F3B-4DB5-8A2F-3A954EE104F9}"
EndProject
Global
	GlobalSection(SolutionConfigurationPlatforms) = preSolution
		Debug|Any CPU = Debug|Any CPU
		Release|Any CPU = Release|Any CPU
	EndGlobalSection
	GlobalSection(ProjectConfigurationPlatforms) = postSolution
		{CAEE1F28-5F3B-4DB5-8A2F-3A954EE104F9}.Debug|Any CPU.ActiveCfg = Debug|Any CPU
		{CAEE1F28-5F3B-4DB5-8A2F-3A954EE104F9}.Debug|Any CPU.Build.0 = Debug|Any CPU
		{CAEE1F28-5F3B-4DB5-8A2F-3A954EE104F9}.Release|Any CPU.ActiveCfg = Release|Any CPU
		{CAEE1F28-5F3B-4DB5-8A2F-3A954EE104F9}.Release|Any CPU.Build.0 = Release|Any CPU
	EndGlobalSection
	GlobalSection(SolutionProperties) = preSolution
		HideSolutionNode = FALSE
	EndGlobalSection
	GlobalSection(ExtensibilityGlobals) = postSolution
		SolutionGuid = {987660E3-C8C9-4706-B0C5-5228D8752943}
	EndGlobalSection
EndGlobal
